
Microsoft Visual Studio Solution File, Format Version 12.00
# Visual Studio Version 17
VisualStudioVersion = 17.1.32421.90
MinimumVisualStudioVersion = 10.0.40219.1
Project("{2150E333-8FDC-42A3-9474-1A3956D46DE8}") = "src", "src", "{8DA8139E-05BE-4419-A085-4B81EE3DF8BE}"
EndProject
Project("{2150E333-8FDC-42A3-9474-1A3956D46DE8}") = "test", "test", "{EEB4B000-833D-42AD-86EA-4EBE8388B980}"
EndProject
Project("{2150E333-8FDC-42A3-9474-1A3956D46DE8}") = "exsample", "exsample", "{3C638A87-CECC-4E4D-9612-D7B3810CE33D}"
EndProject
Global
	GlobalSection(SolutionProperties) = preSolution
		HideSolutionNode = FALSE
	EndGlobalSection
	GlobalSection(ExtensibilityGlobals) = postSolution
		SolutionGuid = {192ED70E-2D29-4997-9B22-E12C686EE17B}
	EndGlobalSection
EndGlobal
